
Microsoft Visual Studio Solution File, Format Version 12.00
# Visual Studio Version 17
VisualStudioVersion = 17.12.35707.178
MinimumVisualStudioVersion = 10.0.40219.1
Project("{FAE04EC0-301F-11D3-BF4B-00C04F79EFBC}") = "DarkAgeLegacyServer", "DarkAgeLegacy\DarkAgeLegacyServer.csproj", "{47892C27-7189-4540-81D8-E9C855A2DAA9}"
EndProject
Project("{FAE04EC0-301F-11D3-BF4B-00C04F79EFBC}") = "DarkAgeLegacyClient", "DarkAgeLegacyClient\DarkAgeLegacyClient.csproj", "{21608C70-1A03-4FA7-853C-F11AADC59DB0}"
EndProject
Global
	GlobalSection(SolutionConfigurationPlatforms) = preSolution
		Debug|Any CPU = Debug|Any CPU
		Release|Any CPU = Release|Any CPU
	EndGlobalSection
	GlobalSection(ProjectConfigurationPlatforms) = postSolution
		{47892C27-7189-4540-81D8-E9C855A2DAA9}.Debug|Any CPU.ActiveCfg = Debug|Any CPU
		{47892C27-7189-4540-81D8-E9C855A2DAA9}.Debug|Any CPU.Build.0 = Debug|Any CPU
		{47892C27-7189-4540-81D8-E9C855A2DAA9}.Release|Any CPU.ActiveCfg = Release|Any CPU
		{47892C27-7189-4540-81D8-E9C855A2DAA9}.Release|Any CPU.Build.0 = Release|Any CPU
		{21608C70-1A03-4FA7-853C-F11AADC59DB0}.Debug|Any CPU.ActiveCfg = Debug|Any CPU
		{21608C70-1A03-4FA7-853C-F11AADC59DB0}.Debug|Any CPU.Build.0 = Debug|Any CPU
		{21608C70-1A03-4FA7-853C-F11AADC59DB0}.Release|Any CPU.ActiveCfg = Release|Any CPU
		{21608C70-1A03-4FA7-853C-F11AADC59DB0}.Release|Any CPU.Build.0 = Release|Any CPU
	EndGlobalSection
	GlobalSection(SolutionProperties) = preSolution
		HideSolutionNode = FALSE
	EndGlobalSection
	GlobalSection(ExtensibilityGlobals) = postSolution
		SolutionGuid = {79185D91-1C90-4F75-8E15-F9A8D47FF874}
	EndGlobalSection
EndGlobal
